
Microsoft Visual Studio Solution File, Format Version 12.00
# Visual Studio Version 17
VisualStudioVersion = 17.6.33829.357
MinimumVisualStudioVersion = 10.0.40219.1
Project("{FAE04EC0-301F-11D3-BF4B-00C04F79EFBC}") = "courseEssential", "courseEssential\courseEssential.csproj", "{F86914F3-7F67-4ECE-B1ED-392A254AC240}"
EndProject
Global
	GlobalSection(SolutionConfigurationPlatforms) = preSolution
		Debug|Any CPU = Debug|Any CPU
		Release|Any CPU = Release|Any CPU
	EndGlobalSection
	GlobalSection(ProjectConfigurationPlatforms) = postSolution
		{F86914F3-7F67-4ECE-B1ED-392A254AC240}.Debug|Any CPU.ActiveCfg = Debug|Any CPU
		{F86914F3-7F67-4ECE-B1ED-392A254AC240}.Debug|Any CPU.Build.0 = Debug|Any CPU
		{F86914F3-7F67-4ECE-B1ED-392A254AC240}.Release|Any CPU.ActiveCfg = Release|Any CPU
		{F86914F3-7F67-4ECE-B1ED-392A254AC240}.Release|Any CPU.Build.0 = Release|Any CPU
	EndGlobalSection
	GlobalSection(SolutionProperties) = preSolution
		HideSolutionNode = FALSE
	EndGlobalSection
	GlobalSection(ExtensibilityGlobals) = postSolution
		SolutionGuid = {01FD2180-485B-4F29-9DDF-2261B2DACF00}
	EndGlobalSection
EndGlobal
